
Microsoft Visual Studio Solution File, Format Version 12.00
# Visual Studio Version 17
VisualStudioVersion = 17.8.34322.80
MinimumVisualStudioVersion = 10.0.40219.1
Project("{FAE04EC0-301F-11D3-BF4B-00C04F79EFBC}") = "Booking_Payment", "Booking_Payment\Booking_Payment.csproj", "{653C1BF7-368D-4C66-A336-6984A5F70C78}"
EndProject
Project("{FAE04EC0-301F-11D3-BF4B-00C04F79EFBC}") = "Booking_Payment_Domain", "Booking_Payment_Domain\Booking_Payment_Domain.csproj", "{1B0125C0-9886-4D2D-993D-9C75E3086112}"
EndProject
Project("{FAE04EC0-301F-11D3-BF4B-00C04F79EFBC}") = "Booking_Payment_Application", "Booking_Payment_Application\Booking_Payment_Application.csproj", "{540E7334-9D00-4A80-A270-0419A7BC4C75}"
EndProject
Project("{FAE04EC0-301F-11D3-BF4B-00C04F79EFBC}") = "Booking_Payment_Infrastructure", "Booking_Payment_Infrastructure\Booking_Payment_Infrastructure.csproj", "{8E5A325B-93B9-44AA-B9A1-0CF6F0033C6F}"
EndProject
Project("{FAE04EC0-301F-11D3-BF4B-00C04F79EFBC}") = "Booking_Payment_UnitTests", "Booking_Payment_UnitTests\Booking_Payment_UnitTests.csproj", "{00939217-692D-472B-9E5E-3C72D01BF5A2}"
EndProject
Global
	GlobalSection(SolutionConfigurationPlatforms) = preSolution
		Debug|Any CPU = Debug|Any CPU
		Release|Any CPU = Release|Any CPU
	EndGlobalSection
	GlobalSection(ProjectConfigurationPlatforms) = postSolution
		{653C1BF7-368D-4C66-A336-6984A5F70C78}.Debug|Any CPU.ActiveCfg = Debug|Any CPU
		{653C1BF7-368D-4C66-A336-6984A5F70C78}.Debug|Any CPU.Build.0 = Debug|Any CPU
		{653C1BF7-368D-4C66-A336-6984A5F70C78}.Release|Any CPU.ActiveCfg = Release|Any CPU
		{653C1BF7-368D-4C66-A336-6984A5F70C78}.Release|Any CPU.Build.0 = Release|Any CPU
		{1B0125C0-9886-4D2D-993D-9C75E3086112}.Debug|Any CPU.ActiveCfg = Debug|Any CPU
		{1B0125C0-9886-4D2D-993D-9C75E3086112}.Debug|Any CPU.Build.0 = Debug|Any CPU
		{1B0125C0-9886-4D2D-993D-9C75E3086112}.Release|Any CPU.ActiveCfg = Release|Any CPU
		{1B0125C0-9886-4D2D-993D-9C75E3086112}.Release|Any CPU.Build.0 = Release|Any CPU
		{540E7334-9D00-4A80-A270-0419A7BC4C75}.Debug|Any CPU.ActiveCfg = Debug|Any CPU
		{540E7334-9D00-4A80-A270-0419A7BC4C75}.Debug|Any CPU.Build.0 = Debug|Any CPU
		{540E7334-9D00-4A80-A270-0419A7BC4C75}.Release|Any CPU.ActiveCfg = Release|Any CPU
		{540E7334-9D00-4A80-A270-0419A7BC4C75}.Release|Any CPU.Build.0 = Release|Any CPU
		{8E5A325B-93B9-44AA-B9A1-0CF6F0033C6F}.Debug|Any CPU.ActiveCfg = Debug|Any CPU
		{8E5A325B-93B9-44AA-B9A1-0CF6F0033C6F}.Debug|Any CPU.Build.0 = Debug|Any CPU
		{8E5A325B-93B9-44AA-B9A1-0CF6F0033C6F}.Release|Any CPU.ActiveCfg = Release|Any CPU
		{8E5A325B-93B9-44AA-B9A1-0CF6F0033C6F}.Release|Any CPU.Build.0 = Release|Any CPU
		{00939217-692D-472B-9E5E-3C72D01BF5A2}.Debug|Any CPU.ActiveCfg = Debug|Any CPU
		{00939217-692D-472B-9E5E-3C72D01BF5A2}.Debug|Any CPU.Build.0 = Debug|Any CPU
		{00939217-692D-472B-9E5E-3C72D01BF5A2}.Release|Any CPU.ActiveCfg = Release|Any CPU
		{00939217-692D-472B-9E5E-3C72D01BF5A2}.Release|Any CPU.Build.0 = Release|Any CPU
	EndGlobalSection
	GlobalSection(SolutionProperties) = preSolution
		HideSolutionNode = FALSE
	EndGlobalSection
	GlobalSection(ExtensibilityGlobals) = postSolution
		SolutionGuid = {A4130C03-3B7E-4CFF-BF1F-4CC0AD5E4B88}
	EndGlobalSection
EndGlobal
